// !$*UTF8*$!
{
	archiveVersion = 1;
	classes = {
	};
	objectVersion = 77;
	objects = {

/* Begin PBXBuildFile section */
		ACA45E922DEE493D002E4BD6 /* BitCollections in Frameworks */ = {isa = PBXBuildFile; productRef = ACA45E912DEE493D002E4BD6 /* BitCollections */; };
		ACA45E942DEE493D002E4BD6 /* Collections in Frameworks */ = {isa = PBXBuildFile; productRef = ACA45E932DEE493D002E4BD6 /* Collections */; };
		ACA45E962DEE493D002E4BD6 /* DequeModule in Frameworks */ = {isa = PBXBuildFile; productRef = ACA45E952DEE493D002E4BD6 /* DequeModule */; };
		ACA45E982DEE493D002E4BD6 /* HashTreeCollections in Frameworks */ = {isa = PBXBuildFile; productRef = ACA45E972DEE493D002E4BD6 /* HashTreeCollections */; };
		ACA45E9A2DEE493D002E4BD6 /* HeapModule in Frameworks */ = {isa = PBXBuildFile; productRef = ACA45E992DEE493D002E4BD6 /* HeapModule */; };
		ACA45E9C2DEE5218002E4BD6 /* 1570_Dot_Product_Sparse_Vectors.swift in Sources */ = {isa = PBXBuildFile; fileRef = ACA45E9B2DEE5218002E4BD6 /* 1570_Dot_Product_Sparse_Vectors.swift */; };
/* End PBXBuildFile section */

/* Begin PBXCopyFilesBuildPhase section */
		AC6021DC2DED0CD800A9A890 /* CopyFiles */ = {
			isa = PBXCopyFilesBuildPhase;
			buildActionMask = 2147483647;
			dstPath = /usr/share/man/man1/;
			dstSubfolderSpec = 0;
			files = (
			);
			runOnlyForDeploymentPostprocessing = 1;
		};
/* End PBXCopyFilesBuildPhase section */

/* Begin PBXFileReference section */
		AC6021DE2DED0CD800A9A890 /* SwiftLeet */ = {isa = PBXFileReference; explicitFileType = "compiled.mach-o.executable"; includeInIndex = 0; path = SwiftLeet; sourceTree = BUILT_PRODUCTS_DIR; };
		ACA45E9B2DEE5218002E4BD6 /* 1570_Dot_Product_Sparse_Vectors.swift */ = {isa = PBXFileReference; lastKnownFileType = sourcecode.swift; path = 1570_Dot_Product_Sparse_Vectors.swift; sourceTree = "<group>"; };
/* End PBXFileReference section */

/* Begin PBXFileSystemSynchronizedRootGroup section */
		AC6021E02DED0CD800A9A890 /* SwiftLeet */ = {
			isa = PBXFileSystemSynchronizedRootGroup;
			path = SwiftLeet;
			sourceTree = "<group>";
		};
/* End PBXFileSystemSynchronizedRootGroup section */

/* Begin PBXFrameworksBuildPhase section */
		AC6021DB2DED0CD800A9A890 /* Frameworks */ = {
			isa = PBXFrameworksBuildPhase;
			buildActionMask = 2147483647;
			files = (
				ACA45E942DEE493D002E4BD6 /* Collections in Frameworks */,
				ACA45E9A2DEE493D002E4BD6 /* HeapModule in Frameworks */,
				ACA45E922DEE493D002E4BD6 /* BitCollections in Frameworks */,
				ACA45E982DEE493D002E4BD6 /* HashTreeCollections in Frameworks */,
				ACA45E962DEE493D002E4BD6 /* DequeModule in Frameworks */,
			);
			runOnlyForDeploymentPostprocessing = 0;
		};
/* End PBXFrameworksBuildPhase section */

/* Begin PBXGroup section */
		AC6021D52DED0CD800A9A890 = {
			isa = PBXGroup;
			children = (
				ACA45E9B2DEE5218002E4BD6 /* 1570_Dot_Product_Sparse_Vectors.swift */,
				AC6021E02DED0CD800A9A890 /* SwiftLeet */,
				ACA45C9B2DED7A9E002E4BD6 /* Frameworks */,
				AC6021DF2DED0CD800A9A890 /* Products */,
			);
			sourceTree = "<group>";
		};
		AC6021DF2DED0CD800A9A890 /* Products */ = {
			isa = PBXGroup;
			children = (
				AC6021DE2DED0CD800A9A890 /* SwiftLeet */,
			);
			name = Products;
			sourceTree = "<group>";
		};
		ACA45C9B2DED7A9E002E4BD6 /* Frameworks */ = {
			isa = PBXGroup;
			children = (
			);
			name = Frameworks;
			sourceTree = "<group>";
		};
/* End PBXGroup section */

/* Begin PBXNativeTarget section */
		AC6021DD2DED0CD800A9A890 /* SwiftLeet */ = {
			isa = PBXNativeTarget;
			buildConfigurationList = AC6021E52DED0CD800A9A890 /* Build configuration list for PBXNativeTarget "SwiftLeet" */;
			buildPhases = (
				AC6021DA2DED0CD800A9A890 /* Sources */,
				AC6021DB2DED0CD800A9A890 /* Frameworks */,
				AC6021DC2DED0CD800A9A890 /* CopyFiles */,
			);
			buildRules = (
			);
			dependencies = (
			);
			fileSystemSynchronizedGroups = (
				AC6021E02DED0CD800A9A890 /* SwiftLeet */,
			);
			name = SwiftLeet;
			packageProductDependencies = (
				ACA45E912DEE493D002E4BD6 /* BitCollections */,
				ACA45E932DEE493D002E4BD6 /* Collections */,
				ACA45E952DEE493D002E4BD6 /* DequeModule */,
				ACA45E972DEE493D002E4BD6 /* HashTreeCollections */,
				ACA45E992DEE493D002E4BD6 /* HeapModule */,
			);
			productName = SwiftLeet;
			productReference = AC6021DE2DED0CD800A9A890 /* SwiftLeet */;
			productType = "com.apple.product-type.tool";
		};
/* End PBXNativeTarget section */

/* Begin PBXProject section */
		AC6021D62DED0CD800A9A890 /* Project object */ = {
			isa = PBXProject;
			attributes = {
				BuildIndependentTargetsInParallel = 1;
				LastSwiftUpdateCheck = 1630;
				LastUpgradeCheck = 1630;
				TargetAttributes = {
					AC6021DD2DED0CD800A9A890 = {
						CreatedOnToolsVersion = 16.3;
					};
				};
			};
			buildConfigurationList = AC6021D92DED0CD800A9A890 /* Build configuration list for PBXProject "SwiftLeet" */;
			developmentRegion = en;
			hasScannedForEncodings = 0;
			knownRegions = (
				en,
				Base,
			);
			mainGroup = AC6021D52DED0CD800A9A890;
			minimizedProjectReferenceProxies = 1;
			packageReferences = (
				ACA45E902DEE493D002E4BD6 /* XCRemoteSwiftPackageReference "swift-collections" */,
			);
			preferredProjectObjectVersion = 77;
			productRefGroup = AC6021DF2DED0CD800A9A890 /* Products */;
			projectDirPath = "";
			projectRoot = "";
			targets = (
				AC6021DD2DED0CD800A9A890 /* SwiftLeet */,
			);
		};
/* End PBXProject section */

/* Begin PBXSourcesBuildPhase section */
		AC6021DA2DED0CD800A9A890 /* Sources */ = {
			isa = PBXSourcesBuildPhase;
			buildActionMask = 2147483647;
			files = (
				ACA45E9C2DEE5218002E4BD6 /* 1570_Dot_Product_Sparse_Vectors.swift in Sources */,
			);
			runOnlyForDeploymentPostprocessing = 0;
		};
/* End PBXSourcesBuildPhase section */

/* Begin XCBuildConfiguration section */
		AC6021E32DED0CD800A9A890 /* Debug */ = {
			isa = XCBuildConfiguration;
			buildSettings = {
				ALWAYS_SEARCH_USER_PATHS = NO;
				ASSETCATALOG_COMPILER_GENERATE_SWIFT_ASSET_SYMBOL_EXTENSIONS = YES;
				CLANG_ANALYZER_NONNULL = YES;
				CLANG_ANALYZER_NUMBER_OBJECT_CONVERSION = YES_AGGRESSIVE;
				CLANG_CXX_LANGUAGE_STANDARD = "gnu++20";
				CLANG_ENABLE_MODULES = YES;
				CLANG_ENABLE_OBJC_ARC = YES;
				CLANG_ENABLE_OBJC_WEAK = YES;
				CLANG_WARN_BLOCK_CAPTURE_AUTORELEASING = YES;
				CLANG_WARN_BOOL_CONVERSION = YES;
				CLANG_WARN_COMMA = YES;
				CLANG_WARN_CONSTANT_CONVERSION = YES;
				CLANG_WARN_DEPRECATED_OBJC_IMPLEMENTATIONS = YES;
				CLANG_WARN_DIRECT_OBJC_ISA_USAGE = YES_ERROR;
				CLANG_WARN_DOCUMENTATION_COMMENTS = YES;
				CLANG_WARN_EMPTY_BODY = YES;
				CLANG_WARN_ENUM_CONVERSION = YES;
				CLANG_WARN_INFINITE_RECURSION = YES;
				CLANG_WARN_INT_CONVERSION = YES;
				CLANG_WARN_NON_LITERAL_NULL_CONVERSION = YES;
				CLANG_WARN_OBJC_IMPLICIT_RETAIN_SELF = YES;
				CLANG_WARN_OBJC_LITERAL_CONVERSION = YES;
				CLANG_WARN_OBJC_ROOT_CLASS = YES_ERROR;
				CLANG_WARN_QUOTED_INCLUDE_IN_FRAMEWORK_HEADER = YES;
				CLANG_WARN_RANGE_LOOP_ANALYSIS = YES;
				CLANG_WARN_STRICT_PROTOTYPES = YES;
				CLANG_WARN_SUSPICIOUS_MOVE = YES;
				CLANG_WARN_UNGUARDED_AVAILABILITY = YES_AGGRESSIVE;
				CLANG_WARN_UNREACHABLE_CODE = YES;
				CLANG_WARN__DUPLICATE_METHOD_MATCH = YES;
				COPY_PHASE_STRIP = NO;
				DEBUG_INFORMATION_FORMAT = dwarf;
				ENABLE_STRICT_OBJC_MSGSEND = YES;
				ENABLE_TESTABILITY = YES;
				ENABLE_USER_SCRIPT_SANDBOXING = YES;
				GCC_C_LANGUAGE_STANDARD = gnu17;
				GCC_DYNAMIC_NO_PIC = NO;
				GCC_NO_COMMON_BLOCKS = YES;
				GCC_OPTIMIZATION_LEVEL = 0;
				GCC_PREPROCESSOR_DEFINITIONS = (
					"DEBUG=1",
					"$(inherited)",
				);
				GCC_WARN_64_TO_32_BIT_CONVERSION = YES;
				GCC_WARN_ABOUT_RETURN_TYPE = YES_ERROR;
				GCC_WARN_UNDECLARED_SELECTOR = YES;
				GCC_WARN_UNINITIALIZED_AUTOS = YES_AGGRESSIVE;
				GCC_WARN_UNUSED_FUNCTION = YES;
				GCC_WARN_UNUSED_VARIABLE = YES;
				LOCALIZATION_PREFERS_STRING_CATALOGS = YES;
				MACOSX_DEPLOYMENT_TARGET = 15.4;
				MTL_ENABLE_DEBUG_INFO = INCLUDE_SOURCE;
				MTL_FAST_MATH = YES;
				ONLY_ACTIVE_ARCH = YES;
				SDKROOT = macosx;
				SWIFT_ACTIVE_COMPILATION_CONDITIONS = "DEBUG $(inherited)";
				SWIFT_OPTIMIZATION_LEVEL = "-Onone";
			};
			name = Debug;
		};
		AC6021E42DED0CD800A9A890 /* Release */ = {
			isa = XCBuildConfiguration;
			buildSettings = {
				ALWAYS_SEARCH_USER_PATHS = NO;
				ASSETCATALOG_COMPILER_GENERATE_SWIFT_ASSET_SYMBOL_EXTENSIONS = YES;
				CLANG_ANALYZER_NONNULL = YES;
				CLANG_ANALYZER_NUMBER_OBJECT_CONVERSION = YES_AGGRESSIVE;
				CLANG_CXX_LANGUAGE_STANDARD = "gnu++20";
				CLANG_ENABLE_MODULES = YES;
				CLANG_ENABLE_OBJC_ARC = YES;
				CLANG_ENABLE_OBJC_WEAK = YES;
				CLANG_WARN_BLOCK_CAPTURE_AUTORELEASING = YES;
				CLANG_WARN_BOOL_CONVERSION = YES;
				CLANG_WARN_COMMA = YES;
				CLANG_WARN_CONSTANT_CONVERSION = YES;
				CLANG_WARN_DEPRECATED_OBJC_IMPLEMENTATIONS = YES;
				CLANG_WARN_DIRECT_OBJC_ISA_USAGE = YES_ERROR;
				CLANG_WARN_DOCUMENTATION_COMMENTS = YES;
				CLANG_WARN_EMPTY_BODY = YES;
				CLANG_WARN_ENUM_CONVERSION = YES;
				CLANG_WARN_INFINITE_RECURSION = YES;
				CLANG_WARN_INT_CONVERSION = YES;
				CLANG_WARN_NON_LITERAL_NULL_CONVERSION = YES;
				CLANG_WARN_OBJC_IMPLICIT_RETAIN_SELF = YES;
				CLANG_WARN_OBJC_LITERAL_CONVERSION = YES;
				CLANG_WARN_OBJC_ROOT_CLASS = YES_ERROR;
				CLANG_WARN_QUOTED_INCLUDE_IN_FRAMEWORK_HEADER = YES;
				CLANG_WARN_RANGE_LOOP_ANALYSIS = YES;
				CLANG_WARN_STRICT_PROTOTYPES = YES;
				CLANG_WARN_SUSPICIOUS_MOVE = YES;
				CLANG_WARN_UNGUARDED_AVAILABILITY = YES_AGGRESSIVE;
				CLANG_WARN_UNREACHABLE_CODE = YES;
				CLANG_WARN__DUPLICATE_METHOD_MATCH = YES;
				COPY_PHASE_STRIP = NO;
				DEBUG_INFORMATION_FORMAT = "dwarf-with-dsym";
				ENABLE_NS_ASSERTIONS = NO;
				ENABLE_STRICT_OBJC_MSGSEND = YES;
				ENABLE_USER_SCRIPT_SANDBOXING = YES;
				GCC_C_LANGUAGE_STANDARD = gnu17;
				GCC_NO_COMMON_BLOCKS = YES;
				GCC_WARN_64_TO_32_BIT_CONVERSION = YES;
				GCC_WARN_ABOUT_RETURN_TYPE = YES_ERROR;
				GCC_WARN_UNDECLARED_SELECTOR = YES;
				GCC_WARN_UNINITIALIZED_AUTOS = YES_AGGRESSIVE;
				GCC_WARN_UNUSED_FUNCTION = YES;
				GCC_WARN_UNUSED_VARIABLE = YES;
				LOCALIZATION_PREFERS_STRING_CATALOGS = YES;
				MACOSX_DEPLOYMENT_TARGET = 15.4;
				MTL_ENABLE_DEBUG_INFO = NO;
				MTL_FAST_MATH = YES;
				SDKROOT = macosx;
				SWIFT_COMPILATION_MODE = wholemodule;
			};
			name = Release;
		};
		AC6021E62DED0CD800A9A890 /* Debug */ = {
			isa = XCBuildConfiguration;
			buildSettings = {
				CODE_SIGN_STYLE = Automatic;
				PRODUCT_NAME = "$(TARGET_NAME)";
				SWIFT_VERSION = 5.0;
			};
			name = Debug;
		};
		AC6021E72DED0CD800A9A890 /* Release */ = {
			isa = XCBuildConfiguration;
			buildSettings = {
				CODE_SIGN_STYLE = Automatic;
				PRODUCT_NAME = "$(TARGET_NAME)";
				SWIFT_VERSION = 5.0;
			};
			name = Release;
		};
/* End XCBuildConfiguration section */

/* Begin XCConfigurationList section */
		AC6021D92DED0CD800A9A890 /* Build configuration list for PBXProject "SwiftLeet" */ = {
			isa = XCConfigurationList;
			buildConfigurations = (
				AC6021E32DED0CD800A9A890 /* Debug */,
				AC6021E42DED0CD800A9A890 /* Release */,
			);
			defaultConfigurationIsVisible = 0;
			defaultConfigurationName = Release;
		};
		AC6021E52DED0CD800A9A890 /* Build configuration list for PBXNativeTarget "SwiftLeet" */ = {
			isa = XCConfigurationList;
			buildConfigurations = (
				AC6021E62DED0CD800A9A890 /* Debug */,
				AC6021E72DED0CD800A9A890 /* Release */,
			);
			defaultConfigurationIsVisible = 0;
			defaultConfigurationName = Release;
		};
/* End XCConfigurationList section */

/* Begin XCRemoteSwiftPackageReference section */
		ACA45E902DEE493D002E4BD6 /* XCRemoteSwiftPackageReference "swift-collections" */ = {
			isa = XCRemoteSwiftPackageReference;
			repositoryURL = "https://github.com/apple/swift-collections.git";
			requirement = {
				kind = upToNextMajorVersion;
				minimumVersion = 1.2.0;
			};
		};
/* End XCRemoteSwiftPackageReference section */

/* Begin XCSwiftPackageProductDependency section */
		ACA45E912DEE493D002E4BD6 /* BitCollections */ = {
			isa = XCSwiftPackageProductDependency;
			package = ACA45E902DEE493D002E4BD6 /* XCRemoteSwiftPackageReference "swift-collections" */;
			productName = BitCollections;
		};
		ACA45E932DEE493D002E4BD6 /* Collections */ = {
			isa = XCSwiftPackageProductDependency;
			package = ACA45E902DEE493D002E4BD6 /* XCRemoteSwiftPackageReference "swift-collections" */;
			productName = Collections;
		};
		ACA45E952DEE493D002E4BD6 /* DequeModule */ = {
			isa = XCSwiftPackageProductDependency;
			package = ACA45E902DEE493D002E4BD6 /* XCRemoteSwiftPackageReference "swift-collections" */;
			productName = DequeModule;
		};
		ACA45E972DEE493D002E4BD6 /* HashTreeCollections */ = {
			isa = XCSwiftPackageProductDependency;
			package = ACA45E902DEE493D002E4BD6 /* XCRemoteSwiftPackageReference "swift-collections" */;
			productName = HashTreeCollections;
		};
		ACA45E992DEE493D002E4BD6 /* HeapModule */ = {
			isa = XCSwiftPackageProductDependency;
			package = ACA45E902DEE493D002E4BD6 /* XCRemoteSwiftPackageReference "swift-collections" */;
			productName = HeapModule;
		};
/* End XCSwiftPackageProductDependency section */
	};
	rootObject = AC6021D62DED0CD800A9A890 /* Project object */;
}
